
Microsoft Visual Studio Solution File, Format Version 12.00
# Visual Studio 15
VisualStudioVersion = 15.0.28010.2003
MinimumVisualStudioVersion = 10.0.40219.1
Project("{FAE04EC0-301F-11D3-BF4B-00C04F79EFBC}") = "HelloMyEFCore", "HelloMyEFCore\HelloMyEFCore.csproj", "{20232C00-6F27-48D7-94A5-4496F984DD9E}"
EndProject
Global
	GlobalSection(SolutionConfigurationPlatforms) = preSolution
		Debug|Any CPU = Debug|Any CPU
		Release|Any CPU = Release|Any CPU
	EndGlobalSection
	GlobalSection(ProjectConfigurationPlatforms) = postSolution
		{20232C00-6F27-48D7-94A5-4496F984DD9E}.Debug|Any CPU.ActiveCfg = Debug|Any CPU
		{20232C00-6F27-48D7-94A5-4496F984DD9E}.Debug|Any CPU.Build.0 = Debug|Any CPU
		{20232C00-6F27-48D7-94A5-4496F984DD9E}.Release|Any CPU.ActiveCfg = Release|Any CPU
		{20232C00-6F27-48D7-94A5-4496F984DD9E}.Release|Any CPU.Build.0 = Release|Any CPU
	EndGlobalSection
	GlobalSection(SolutionProperties) = preSolution
		HideSolutionNode = FALSE
	EndGlobalSection
	GlobalSection(ExtensibilityGlobals) = postSolution
		SolutionGuid = {312D0FD7-7363-462C-8624-FC8B9F9CECB5}
	EndGlobalSection
EndGlobal
